
Microsoft Visual Studio Solution File, Format Version 12.00
# Visual Studio Version 17
VisualStudioVersion = 17.3.32825.248
MinimumVisualStudioVersion = 10.0.40219.1
Project("{2150E333-8FDC-42A3-9474-1A3956D46DE8}") = "src", "src", "{5309EC62-08D3-4CB5-B295-0D389CFBDDA1}"
EndProject
Project("{2150E333-8FDC-42A3-9474-1A3956D46DE8}") = "tests", "tests", "{D89EE3E4-AABD-439A-A3CB-8EDA27EA32B0}"
EndProject
Project("{FAE04EC0-301F-11D3-BF4B-00C04F79EFBC}") = "Thingsboard.Net.Abstractions", "src\Thingsboard.Net.Abstractions\Thingsboard.Net.Abstractions.csproj", "{7CF5805B-5722-4199-959C-ECF96C48A52E}"
EndProject
Project("{FAE04EC0-301F-11D3-BF4B-00C04F79EFBC}") = "UnitTest.Thingsboard.Net.Flurl", "tests\UnitTest.Thingsboard.Net.Flurl\UnitTest.Thingsboard.Net.Flurl.csproj", "{FE8F6FBD-4F8A-4072-A2DA-425B8A643B40}"
EndProject
Project("{FAE04EC0-301F-11D3-BF4B-00C04F79EFBC}") = "Thingsboard.Net.Flurl", "src\Thingsboard.Net.Flurl\Thingsboard.Net.Flurl.csproj", "{7B26DD47-4F56-4838-AB66-32C383F82C0B}"
EndProject
Project("{FAE04EC0-301F-11D3-BF4B-00C04F79EFBC}") = "Thingsboard.Net.Flurl.DependencyInjection", "src\Thingsboard.Net.Flurl.DependencyInjection\Thingsboard.Net.Flurl.DependencyInjection.csproj", "{884E9061-7A67-4783-88FA-6115C48E0D54}"
EndProject
Project("{FAE04EC0-301F-11D3-BF4B-00C04F79EFBC}") = "UnitTest.Thingsboard.Net.Flurl.DependencyInjection", "tests\UnitTest.Thingsboard.Net.Flurl.DependencyInjection\UnitTest.Thingsboard.Net.Flurl.DependencyInjection.csproj", "{BAAAA9C5-6567-4AE4-9860-6E944BF04356}"
EndProject
Project("{FAE04EC0-301F-11D3-BF4B-00C04F79EFBC}") = "UnitTest.Thingsboard.Net.Abstractions", "tests\UnitTest.Thingsboard.Net.Abstractions\UnitTest.Thingsboard.Net.Abstractions.csproj", "{A847A604-D615-470B-A4F4-34C37EC47E98}"
EndProject
Project("{2150E333-8FDC-42A3-9474-1A3956D46DE8}") = "samples", "samples", "{1CB8393F-4607-4594-B990-92FCC23C2C55}"
EndProject
Project("{FAE04EC0-301F-11D3-BF4B-00C04F79EFBC}") = "DependencyInjectionConsoleSample", "samples\DependencyInjectionConsoleSample\DependencyInjectionConsoleSample.csproj", "{065EA46B-01AF-40B6-8739-B9BA9C62DFB0}"
EndProject
Project("{FAE04EC0-301F-11D3-BF4B-00C04F79EFBC}") = "MinimumReferenceConsoleSample", "samples\MinimumReferenceConsoleSample\MinimumReferenceConsoleSample.csproj", "{747614F9-E0A6-4B30-A28D-F8A40DD76341}"
EndProject
Global
	GlobalSection(SolutionConfigurationPlatforms) = preSolution
		Debug|Any CPU = Debug|Any CPU
		Release|Any CPU = Release|Any CPU
	EndGlobalSection
	GlobalSection(ProjectConfigurationPlatforms) = postSolution
		{7CF5805B-5722-4199-959C-ECF96C48A52E}.Debug|Any CPU.ActiveCfg = Debug|Any CPU
		{7CF5805B-5722-4199-959C-ECF96C48A52E}.Debug|Any CPU.Build.0 = Debug|Any CPU
		{7CF5805B-5722-4199-959C-ECF96C48A52E}.Release|Any CPU.ActiveCfg = Release|Any CPU
		{7CF5805B-5722-4199-959C-ECF96C48A52E}.Release|Any CPU.Build.0 = Release|Any CPU
		{FE8F6FBD-4F8A-4072-A2DA-425B8A643B40}.Debug|Any CPU.ActiveCfg = Debug|Any CPU
		{FE8F6FBD-4F8A-4072-A2DA-425B8A643B40}.Debug|Any CPU.Build.0 = Debug|Any CPU
		{FE8F6FBD-4F8A-4072-A2DA-425B8A643B40}.Release|Any CPU.ActiveCfg = Release|Any CPU
		{FE8F6FBD-4F8A-4072-A2DA-425B8A643B40}.Release|Any CPU.Build.0 = Release|Any CPU
		{7B26DD47-4F56-4838-AB66-32C383F82C0B}.Debug|Any CPU.ActiveCfg = Debug|Any CPU
		{7B26DD47-4F56-4838-AB66-32C383F82C0B}.Debug|Any CPU.Build.0 = Debug|Any CPU
		{7B26DD47-4F56-4838-AB66-32C383F82C0B}.Release|Any CPU.ActiveCfg = Release|Any CPU
		{7B26DD47-4F56-4838-AB66-32C383F82C0B}.Release|Any CPU.Build.0 = Release|Any CPU
		{884E9061-7A67-4783-88FA-6115C48E0D54}.Debug|Any CPU.ActiveCfg = Debug|Any CPU
		{884E9061-7A67-4783-88FA-6115C48E0D54}.Debug|Any CPU.Build.0 = Debug|Any CPU
		{884E9061-7A67-4783-88FA-6115C48E0D54}.Release|Any CPU.ActiveCfg = Release|Any CPU
		{884E9061-7A67-4783-88FA-6115C48E0D54}.Release|Any CPU.Build.0 = Release|Any CPU
		{BAAAA9C5-6567-4AE4-9860-6E944BF04356}.Debug|Any CPU.ActiveCfg = Debug|Any CPU
		{BAAAA9C5-6567-4AE4-9860-6E944BF04356}.Debug|Any CPU.Build.0 = Debug|Any CPU
		{BAAAA9C5-6567-4AE4-9860-6E944BF04356}.Release|Any CPU.ActiveCfg = Release|Any CPU
		{BAAAA9C5-6567-4AE4-9860-6E944BF04356}.Release|Any CPU.Build.0 = Release|Any CPU
		{A847A604-D615-470B-A4F4-34C37EC47E98}.Debug|Any CPU.ActiveCfg = Debug|Any CPU
		{A847A604-D615-470B-A4F4-34C37EC47E98}.Debug|Any CPU.Build.0 = Debug|Any CPU
		{A847A604-D615-470B-A4F4-34C37EC47E98}.Release|Any CPU.ActiveCfg = Release|Any CPU
		{A847A604-D615-470B-A4F4-34C37EC47E98}.Release|Any CPU.Build.0 = Release|Any CPU
		{065EA46B-01AF-40B6-8739-B9BA9C62DFB0}.Debug|Any CPU.ActiveCfg = Debug|Any CPU
		{065EA46B-01AF-40B6-8739-B9BA9C62DFB0}.Debug|Any CPU.Build.0 = Debug|Any CPU
		{065EA46B-01AF-40B6-8739-B9BA9C62DFB0}.Release|Any CPU.ActiveCfg = Release|Any CPU
		{065EA46B-01AF-40B6-8739-B9BA9C62DFB0}.Release|Any CPU.Build.0 = Release|Any CPU
		{747614F9-E0A6-4B30-A28D-F8A40DD76341}.Debug|Any CPU.ActiveCfg = Debug|Any CPU
		{747614F9-E0A6-4B30-A28D-F8A40DD76341}.Debug|Any CPU.Build.0 = Debug|Any CPU
		{747614F9-E0A6-4B30-A28D-F8A40DD76341}.Release|Any CPU.ActiveCfg = Release|Any CPU
		{747614F9-E0A6-4B30-A28D-F8A40DD76341}.Release|Any CPU.Build.0 = Release|Any CPU
	EndGlobalSection
	GlobalSection(SolutionProperties) = preSolution
		HideSolutionNode = FALSE
	EndGlobalSection
	GlobalSection(NestedProjects) = preSolution
		{7CF5805B-5722-4199-959C-ECF96C48A52E} = {5309EC62-08D3-4CB5-B295-0D389CFBDDA1}
		{FE8F6FBD-4F8A-4072-A2DA-425B8A643B40} = {D89EE3E4-AABD-439A-A3CB-8EDA27EA32B0}
		{7B26DD47-4F56-4838-AB66-32C383F82C0B} = {5309EC62-08D3-4CB5-B295-0D389CFBDDA1}
		{884E9061-7A67-4783-88FA-6115C48E0D54} = {5309EC62-08D3-4CB5-B295-0D389CFBDDA1}
		{BAAAA9C5-6567-4AE4-9860-6E944BF04356} = {D89EE3E4-AABD-439A-A3CB-8EDA27EA32B0}
		{A847A604-D615-470B-A4F4-34C37EC47E98} = {D89EE3E4-AABD-439A-A3CB-8EDA27EA32B0}
		{065EA46B-01AF-40B6-8739-B9BA9C62DFB0} = {1CB8393F-4607-4594-B990-92FCC23C2C55}
		{747614F9-E0A6-4B30-A28D-F8A40DD76341} = {1CB8393F-4607-4594-B990-92FCC23C2C55}
	EndGlobalSection
	GlobalSection(ExtensibilityGlobals) = postSolution
		SolutionGuid = {3CA6DE1A-C1A0-4BE1-B7BF-D3052CD20581}
	EndGlobalSection
EndGlobal
